
Microsoft Visual Studio Solution File, Format Version 12.00
# Visual Studio Version 16
VisualStudioVersion = 16.0.31205.134
MinimumVisualStudioVersion = 10.0.40219.1
Project("{FAE04EC0-301F-11D3-BF4B-00C04F79EFBC}") = "ElevaTest", "ElevaTest.csproj", "{2D414656-C960-4264-9B17-7B994ECC0BB3}"
EndProject
Global
	GlobalSection(SolutionConfigurationPlatforms) = preSolution
		Debug|Any CPU = Debug|Any CPU
		Release|Any CPU = Release|Any CPU
	EndGlobalSection
	GlobalSection(ProjectConfigurationPlatforms) = postSolution
		{2D414656-C960-4264-9B17-7B994ECC0BB3}.Debug|Any CPU.ActiveCfg = Debug|Any CPU
		{2D414656-C960-4264-9B17-7B994ECC0BB3}.Debug|Any CPU.Build.0 = Debug|Any CPU
		{2D414656-C960-4264-9B17-7B994ECC0BB3}.Release|Any CPU.ActiveCfg = Release|Any CPU
		{2D414656-C960-4264-9B17-7B994ECC0BB3}.Release|Any CPU.Build.0 = Release|Any CPU
	EndGlobalSection
	GlobalSection(SolutionProperties) = preSolution
		HideSolutionNode = FALSE
	EndGlobalSection
	GlobalSection(ExtensibilityGlobals) = postSolution
		SolutionGuid = {4F824A36-CFFB-4B44-86E3-AC6D19DC7193}
	EndGlobalSection
EndGlobal
